
Microsoft Visual Studio Solution File, Format Version 12.00
# Visual Studio Version 17
VisualStudioVersion = 17.5.002.0
MinimumVisualStudioVersion = 10.0.40219.1
Project("{9A19103F-16F7-4668-BE54-9A1E7A4F7556}") = "Lesson_1", "Lesson_1.csproj", "{20FD35C3-2100-4195-87C5-BD6F8D062AC0}"
EndProject
Global
	GlobalSection(SolutionConfigurationPlatforms) = preSolution
		Debug|Any CPU = Debug|Any CPU
		Release|Any CPU = Release|Any CPU
	EndGlobalSection
	GlobalSection(ProjectConfigurationPlatforms) = postSolution
		{20FD35C3-2100-4195-87C5-BD6F8D062AC0}.Debug|Any CPU.ActiveCfg = Debug|Any CPU
		{20FD35C3-2100-4195-87C5-BD6F8D062AC0}.Debug|Any CPU.Build.0 = Debug|Any CPU
		{20FD35C3-2100-4195-87C5-BD6F8D062AC0}.Release|Any CPU.ActiveCfg = Release|Any CPU
		{20FD35C3-2100-4195-87C5-BD6F8D062AC0}.Release|Any CPU.Build.0 = Release|Any CPU
	EndGlobalSection
	GlobalSection(SolutionProperties) = preSolution
		HideSolutionNode = FALSE
	EndGlobalSection
	GlobalSection(ExtensibilityGlobals) = postSolution
		SolutionGuid = {0E4F8928-7B20-427A-95B2-A82736D0C325}
	EndGlobalSection
EndGlobal
